# This file is generated by running "yarn install" inside your project.
# Manual changes might be lost - proceed with caution!

__metadata:
  version: 8
  cacheKey: 10c0

"@womorg/animated@npm:^1.0.0":
  version: 1.0.0
  resolution: "@womorg/animated@npm:1.0.0"
  checksum: 10c0/a88ee03ab2c409bac97cbc078d8631cb3eb16322e69e0ada13708c349192efb96c8185fc9a3088b5c004606cd1eb2efbc6f4fc172208c84e7df109e3b9c43cd2
  languageName: node
  linkType: hard

"@womorg/reimagined-enigma@npm:^1.0.1":
  version: 1.0.1
  resolution: "@womorg/reimagined-enigma@npm:1.0.1"
  dependencies:
    "@womorg/animated": "npm:^1.0.0"
  checksum: 10c0/a3f8b524d69283c362618fa9501a763b4aab81d9614291afdffea43df69b661e4bb0394b783e9e906fdd86ec1cfedafc7e5c12e2a32ffd1b4fd4885a416adc17
  languageName: node
  linkType: hard

"@womorg/studious-telegram@workspace:.":
  version: 0.0.0-use.local
  resolution: "@womorg/studious-telegram@workspace:."
  dependencies:
    "@womorg/animated": "npm:^1.0.0"
    "@womorg/reimagined-enigma": "npm:^1.0.1"
  languageName: unknown
  linkType: soft
